{
  "name": "benchmarks",
  "lockfileVersion": 3,
  "requires": true,
  "packages": {
    "": {
      "dependencies": {
        "marked": "17.0.3",
        "onlybuild": "file:../.."
      }
    },
    "../..": {
      "version": "1.6.6",
      "license": "MIT",
      "dependencies": {
        "chalk": "5.6.2",
        "tsx": "4.21.0"
      },
      "bin": {
        "onlybuild": "dist/bin/index.js"
      },
      "devDependencies": {
        "@types/node": "25.3.0",
        "typescript": "5.9.3"
      },
      "engines": {
        "node": ">=22.22"
      }
    },
    "node_modules/marked": {
      "version": "17.0.3",
      "resolved": "https://registry.npmjs.org/marked/-/marked-17.0.3.tgz",
      "integrity": "sha512-jt1v2ObpyOKR8p4XaUJVk3YWRJ5n+i4+rjQopxvV32rSndTJXvIzuUdWWIy/1pFQMkQmvTXawzDNqOH/CUmx6A==",
      "license": "MIT",
      "bin": {
        "marked": "bin/marked.js"
      },
      "engines": {
        "node": ">= 20"
      }
    },
    "node_modules/onlybuild": {
      "resolved": "../..",
      "link": true
    }
  }
}
