{
  "name": "markdown",
  "lockfileVersion": 3,
  "requires": true,
  "packages": {
    "": {
      "devDependencies": {
        "marked": "12.0.2",
        "onlybuild": "file:../.."
      }
    },
    "../..": {
      "version": "1.4.1",
      "dev": true,
      "license": "MIT",
      "dependencies": {
        "dotenv": "16.4.5",
        "globby": "14.0.1",
        "parse-cmd-args": "5.0.2",
        "tsx": "4.9.3"
      },
      "bin": {
        "onlybuild": "dist/bin/index.js"
      },
      "devDependencies": {
        "@types/node": "20.12.11",
        "typescript": "5.4.5"
      },
      "engines": {
        "node": ">=20.x"
      }
    },
    "node_modules/marked": {
      "version": "12.0.2",
      "resolved": "https://registry.npmjs.org/marked/-/marked-12.0.2.tgz",
      "integrity": "sha512-qXUm7e/YKFoqFPYPa3Ukg9xlI5cyAtGmyEIzMfW//m6kXwCy2Ps9DYf5ioijFKQ8qyuscrHoY04iJGctu2Kg0Q==",
      "dev": true,
      "bin": {
        "marked": "bin/marked.js"
      },
      "engines": {
        "node": ">= 18"
      }
    },
    "node_modules/onlybuild": {
      "resolved": "../..",
      "link": true
    }
  }
}
