{
  "name": "external-api",
  "lockfileVersion": 3,
  "requires": true,
  "packages": {
    "": {
      "dependencies": {
        "onlybuild": "file:../.."
      }
    },
    "../..": {
      "version": "1.0.0",
      "license": "MIT",
      "dependencies": {
        "globby": "14.0.1"
      },
      "bin": {
        "onlybuild": "bin/index.js"
      },
      "engines": {
        "node": ">=20.x"
      }
    },
    "node_modules/onlybuild": {
      "resolved": "../..",
      "link": true
    }
  }
}
