{
  "name": "includes",
  "lockfileVersion": 3,
  "requires": true,
  "packages": {
    "": {
      "devDependencies": {
        "onlybuild": "file:../.."
      }
    },
    "../..": {
      "version": "1.4.1",
      "dev": true,
      "license": "MIT",
      "dependencies": {
        "dotenv": "16.4.5",
        "globby": "14.0.1",
        "parse-cmd-args": "5.0.2",
        "tsx": "4.9.3"
      },
      "bin": {
        "onlybuild": "dist/bin/index.js"
      },
      "devDependencies": {
        "@types/node": "20.12.11",
        "typescript": "5.4.5"
      },
      "engines": {
        "node": ">=20.x"
      }
    },
    "node_modules/onlybuild": {
      "resolved": "../..",
      "link": true
    }
  }
}
